
Microsoft Visual Studio Solution File, Format Version 12.00
# Visual Studio 2013
VisualStudioVersion = 12.0.30501.0
MinimumVisualStudioVersion = 10.0.40219.1
Project("{FAE04EC0-301F-11D3-BF4B-00C04F79EFBC}") = "MVCGitApp", "MVCGitApp\MVCGitApp.csproj", "{93BF6F4F-2E22-4A51-AA98-25645C43F3A7}"
EndProject
Project("{FAE04EC0-301F-11D3-BF4B-00C04F79EFBC}") = "BAL", "..\..\..\..\Documents\Visual Studio 2013\Projects\MvcApplication1\BAL\BAL.csproj", "{56ECBA4C-DEE9-4BFA-B2A9-871CA6266919}"
EndProject
Project("{FAE04EC0-301F-11D3-BF4B-00C04F79EFBC}") = "BEL", "..\..\..\..\Documents\Visual Studio 2013\Projects\MvcApplication1\BEL\BEL.csproj", "{7B1E46BD-BC70-4240-917C-C643B54C17E2}"
EndProject
Project("{FAE04EC0-301F-11D3-BF4B-00C04F79EFBC}") = "DAL", "..\..\..\..\Documents\Visual Studio 2013\Projects\MvcApplication1\DAL\DAL.csproj", "{0E16023B-0A2B-481C-AA79-D6F493FDD362}"
EndProject
Global
	GlobalSection(SolutionConfigurationPlatforms) = preSolution
		Debug|Any CPU = Debug|Any CPU
		Release|Any CPU = Release|Any CPU
	EndGlobalSection
	GlobalSection(ProjectConfigurationPlatforms) = postSolution
		{93BF6F4F-2E22-4A51-AA98-25645C43F3A7}.Debug|Any CPU.ActiveCfg = Debug|Any CPU
		{93BF6F4F-2E22-4A51-AA98-25645C43F3A7}.Debug|Any CPU.Build.0 = Debug|Any CPU
		{93BF6F4F-2E22-4A51-AA98-25645C43F3A7}.Release|Any CPU.ActiveCfg = Release|Any CPU
		{93BF6F4F-2E22-4A51-AA98-25645C43F3A7}.Release|Any CPU.Build.0 = Release|Any CPU
		{56ECBA4C-DEE9-4BFA-B2A9-871CA6266919}.Debug|Any CPU.ActiveCfg = Debug|Any CPU
		{56ECBA4C-DEE9-4BFA-B2A9-871CA6266919}.Debug|Any CPU.Build.0 = Debug|Any CPU
		{56ECBA4C-DEE9-4BFA-B2A9-871CA6266919}.Release|Any CPU.ActiveCfg = Release|Any CPU
		{56ECBA4C-DEE9-4BFA-B2A9-871CA6266919}.Release|Any CPU.Build.0 = Release|Any CPU
		{7B1E46BD-BC70-4240-917C-C643B54C17E2}.Debug|Any CPU.ActiveCfg = Debug|Any CPU
		{7B1E46BD-BC70-4240-917C-C643B54C17E2}.Debug|Any CPU.Build.0 = Debug|Any CPU
		{7B1E46BD-BC70-4240-917C-C643B54C17E2}.Release|Any CPU.ActiveCfg = Release|Any CPU
		{7B1E46BD-BC70-4240-917C-C643B54C17E2}.Release|Any CPU.Build.0 = Release|Any CPU
		{0E16023B-0A2B-481C-AA79-D6F493FDD362}.Debug|Any CPU.ActiveCfg = Debug|Any CPU
		{0E16023B-0A2B-481C-AA79-D6F493FDD362}.Debug|Any CPU.Build.0 = Debug|Any CPU
		{0E16023B-0A2B-481C-AA79-D6F493FDD362}.Release|Any CPU.ActiveCfg = Release|Any CPU
		{0E16023B-0A2B-481C-AA79-D6F493FDD362}.Release|Any CPU.Build.0 = Release|Any CPU
	EndGlobalSection
	GlobalSection(SolutionProperties) = preSolution
		HideSolutionNode = FALSE
	EndGlobalSection
EndGlobal
